
Microsoft Visual Studio Solution File, Format Version 12.00
Project("{2150E333-8FDC-42A3-9474-1A3956D46DE8}") = "Api", "Api", "{50587436-C671-4D7E-8136-89832055C622}"
EndProject
Project("{2150E333-8FDC-42A3-9474-1A3956D46DE8}") = "Services", "Services", "{21B572A1-C5B3-4CC2-9713-C03933A5DF77}"
EndProject
Project("{2150E333-8FDC-42A3-9474-1A3956D46DE8}") = "Shared", "Shared", "{09672DB1-9107-4E5A-A91A-751F13AABE42}"
EndProject
Project("{2150E333-8FDC-42A3-9474-1A3956D46DE8}") = "Private", "Private", "{E1BAAC4D-A75D-459A-ADE7-95425A66E0A7}"
EndProject
Project("{2150E333-8FDC-42A3-9474-1A3956D46DE8}") = "Public", "Public", "{BADF92F9-FC13-456C-9BAA-43329D37F14B}"
EndProject
Project("{2150E333-8FDC-42A3-9474-1A3956D46DE8}") = "src", "src", "{CF805EB6-9C40-4084-BA74-84452A452C3F}"
EndProject
Project("{FAE04EC0-301F-11D3-BF4B-00C04F79EFBC}") = "Distrib.Api.Private", "src\Api\Private\Distrib.Api.Private\Distrib.Api.Private.csproj", "{8E160EC8-F7AC-44D8-8283-CD9496AAC5BA}"
EndProject
Project("{FAE04EC0-301F-11D3-BF4B-00C04F79EFBC}") = "Distrib.Api.Public", "src\Api\Public\Distrib.Api.Public\Distrib.Api.Public.csproj", "{F85FEC34-48F5-4906-AB68-D46EAA553631}"
EndProject
Project("{FAE04EC0-301F-11D3-BF4B-00C04F79EFBC}") = "Distrib.Shared.Api", "src\Shared\Distrib.Shared.Api\Distrib.Shared.Api.csproj", "{ADA141BC-62AF-47AB-9923-9B41AC8460F7}"
EndProject
Project("{FAE04EC0-301F-11D3-BF4B-00C04F79EFBC}") = "Distrib.Shared.Setup", "src\Shared\Distrib.Shared.Setup\Distrib.Shared.Setup.csproj", "{D75E0DA2-4BBE-4C06-A7F5-01A29D333AE5}"
EndProject
Project("{2150E333-8FDC-42A3-9474-1A3956D46DE8}") = "Email", "Email", "{B9F21418-D452-42A2-A5C2-15FBC0026126}"
EndProject
Project("{2150E333-8FDC-42A3-9474-1A3956D46DE8}") = "Products", "Products", "{B6BFB1E0-F20E-4188-82FC-4460B26586E6}"
EndProject
Project("{2150E333-8FDC-42A3-9474-1A3956D46DE8}") = "Orders", "Orders", "{14265316-8F40-45C2-98FC-21C8C426A189}"
EndProject
Project("{2150E333-8FDC-42A3-9474-1A3956D46DE8}") = "Subscriptions", "Subscriptions", "{EAAF917F-CDA0-4A0C-85EC-9F20CAC3CEBA}"
EndProject
Project("{FAE04EC0-301F-11D3-BF4B-00C04F79EFBC}") = "Distrib.Services.Email", "src\Services\Email\Distrib.Services.Email\Distrib.Services.Email.csproj", "{B28732E6-D032-4FBE-BF47-407B65566505}"
EndProject
Project("{FAE04EC0-301F-11D3-BF4B-00C04F79EFBC}") = "Distrib.Services.Orders", "src\Services\Orders\Distrib.Services.Orders\Distrib.Services.Orders.csproj", "{CE1573DE-BCD4-4C90-9AFE-D094ECCA6416}"
EndProject
Project("{FAE04EC0-301F-11D3-BF4B-00C04F79EFBC}") = "Distrib.Services.Products", "src\Services\Products\Distrib.Services.Products\Distrib.Services.Products.csproj", "{BBC3CA36-8CFC-404A-BC5D-70593C80A54D}"
EndProject
Project("{FAE04EC0-301F-11D3-BF4B-00C04F79EFBC}") = "Distrib.Services.Subscriptions", "src\Services\Subscriptions\Distrib.Services.Subscriptions\Distrib.Services.Subscriptions.csproj", "{508816A2-E6D6-44D7-B83A-E0C668145150}"
EndProject
Global
	GlobalSection(SolutionConfigurationPlatforms) = preSolution
		Debug|Any CPU = Debug|Any CPU
		Release|Any CPU = Release|Any CPU
	EndGlobalSection
	GlobalSection(NestedProjects) = preSolution
		{E1BAAC4D-A75D-459A-ADE7-95425A66E0A7} = {50587436-C671-4D7E-8136-89832055C622}
		{BADF92F9-FC13-456C-9BAA-43329D37F14B} = {50587436-C671-4D7E-8136-89832055C622}
		{50587436-C671-4D7E-8136-89832055C622} = {CF805EB6-9C40-4084-BA74-84452A452C3F}
		{09672DB1-9107-4E5A-A91A-751F13AABE42} = {CF805EB6-9C40-4084-BA74-84452A452C3F}
		{21B572A1-C5B3-4CC2-9713-C03933A5DF77} = {CF805EB6-9C40-4084-BA74-84452A452C3F}
		{8E160EC8-F7AC-44D8-8283-CD9496AAC5BA} = {E1BAAC4D-A75D-459A-ADE7-95425A66E0A7}
		{F85FEC34-48F5-4906-AB68-D46EAA553631} = {BADF92F9-FC13-456C-9BAA-43329D37F14B}
		{ADA141BC-62AF-47AB-9923-9B41AC8460F7} = {09672DB1-9107-4E5A-A91A-751F13AABE42}
		{D75E0DA2-4BBE-4C06-A7F5-01A29D333AE5} = {09672DB1-9107-4E5A-A91A-751F13AABE42}
		{B9F21418-D452-42A2-A5C2-15FBC0026126} = {21B572A1-C5B3-4CC2-9713-C03933A5DF77}
		{B6BFB1E0-F20E-4188-82FC-4460B26586E6} = {21B572A1-C5B3-4CC2-9713-C03933A5DF77}
		{14265316-8F40-45C2-98FC-21C8C426A189} = {21B572A1-C5B3-4CC2-9713-C03933A5DF77}
		{EAAF917F-CDA0-4A0C-85EC-9F20CAC3CEBA} = {21B572A1-C5B3-4CC2-9713-C03933A5DF77}
		{B28732E6-D032-4FBE-BF47-407B65566505} = {B9F21418-D452-42A2-A5C2-15FBC0026126}
		{CE1573DE-BCD4-4C90-9AFE-D094ECCA6416} = {14265316-8F40-45C2-98FC-21C8C426A189}
		{BBC3CA36-8CFC-404A-BC5D-70593C80A54D} = {B6BFB1E0-F20E-4188-82FC-4460B26586E6}
		{508816A2-E6D6-44D7-B83A-E0C668145150} = {EAAF917F-CDA0-4A0C-85EC-9F20CAC3CEBA}
	EndGlobalSection
	GlobalSection(ProjectConfigurationPlatforms) = postSolution
		{8E160EC8-F7AC-44D8-8283-CD9496AAC5BA}.Debug|Any CPU.ActiveCfg = Debug|Any CPU
		{8E160EC8-F7AC-44D8-8283-CD9496AAC5BA}.Debug|Any CPU.Build.0 = Debug|Any CPU
		{8E160EC8-F7AC-44D8-8283-CD9496AAC5BA}.Release|Any CPU.ActiveCfg = Release|Any CPU
		{8E160EC8-F7AC-44D8-8283-CD9496AAC5BA}.Release|Any CPU.Build.0 = Release|Any CPU
		{F85FEC34-48F5-4906-AB68-D46EAA553631}.Debug|Any CPU.ActiveCfg = Debug|Any CPU
		{F85FEC34-48F5-4906-AB68-D46EAA553631}.Debug|Any CPU.Build.0 = Debug|Any CPU
		{F85FEC34-48F5-4906-AB68-D46EAA553631}.Release|Any CPU.ActiveCfg = Release|Any CPU
		{F85FEC34-48F5-4906-AB68-D46EAA553631}.Release|Any CPU.Build.0 = Release|Any CPU
		{ADA141BC-62AF-47AB-9923-9B41AC8460F7}.Debug|Any CPU.ActiveCfg = Debug|Any CPU
		{ADA141BC-62AF-47AB-9923-9B41AC8460F7}.Debug|Any CPU.Build.0 = Debug|Any CPU
		{ADA141BC-62AF-47AB-9923-9B41AC8460F7}.Release|Any CPU.ActiveCfg = Release|Any CPU
		{ADA141BC-62AF-47AB-9923-9B41AC8460F7}.Release|Any CPU.Build.0 = Release|Any CPU
		{D75E0DA2-4BBE-4C06-A7F5-01A29D333AE5}.Debug|Any CPU.ActiveCfg = Debug|Any CPU
		{D75E0DA2-4BBE-4C06-A7F5-01A29D333AE5}.Debug|Any CPU.Build.0 = Debug|Any CPU
		{D75E0DA2-4BBE-4C06-A7F5-01A29D333AE5}.Release|Any CPU.ActiveCfg = Release|Any CPU
		{D75E0DA2-4BBE-4C06-A7F5-01A29D333AE5}.Release|Any CPU.Build.0 = Release|Any CPU
		{B28732E6-D032-4FBE-BF47-407B65566505}.Debug|Any CPU.ActiveCfg = Debug|Any CPU
		{B28732E6-D032-4FBE-BF47-407B65566505}.Debug|Any CPU.Build.0 = Debug|Any CPU
		{B28732E6-D032-4FBE-BF47-407B65566505}.Release|Any CPU.ActiveCfg = Release|Any CPU
		{B28732E6-D032-4FBE-BF47-407B65566505}.Release|Any CPU.Build.0 = Release|Any CPU
		{CE1573DE-BCD4-4C90-9AFE-D094ECCA6416}.Debug|Any CPU.ActiveCfg = Debug|Any CPU
		{CE1573DE-BCD4-4C90-9AFE-D094ECCA6416}.Debug|Any CPU.Build.0 = Debug|Any CPU
		{CE1573DE-BCD4-4C90-9AFE-D094ECCA6416}.Release|Any CPU.ActiveCfg = Release|Any CPU
		{CE1573DE-BCD4-4C90-9AFE-D094ECCA6416}.Release|Any CPU.Build.0 = Release|Any CPU
		{BBC3CA36-8CFC-404A-BC5D-70593C80A54D}.Debug|Any CPU.ActiveCfg = Debug|Any CPU
		{BBC3CA36-8CFC-404A-BC5D-70593C80A54D}.Debug|Any CPU.Build.0 = Debug|Any CPU
		{BBC3CA36-8CFC-404A-BC5D-70593C80A54D}.Release|Any CPU.ActiveCfg = Release|Any CPU
		{BBC3CA36-8CFC-404A-BC5D-70593C80A54D}.Release|Any CPU.Build.0 = Release|Any CPU
		{508816A2-E6D6-44D7-B83A-E0C668145150}.Debug|Any CPU.ActiveCfg = Debug|Any CPU
		{508816A2-E6D6-44D7-B83A-E0C668145150}.Debug|Any CPU.Build.0 = Debug|Any CPU
		{508816A2-E6D6-44D7-B83A-E0C668145150}.Release|Any CPU.ActiveCfg = Release|Any CPU
		{508816A2-E6D6-44D7-B83A-E0C668145150}.Release|Any CPU.Build.0 = Release|Any CPU
	EndGlobalSection
EndGlobal
